
Microsoft Visual Studio Solution File, Format Version 12.00
# Visual Studio Version 17
VisualStudioVersion = 17.12.35527.113
MinimumVisualStudioVersion = 10.0.40219.1
Project("{FAE04EC0-301F-11D3-BF4B-00C04F79EFBC}") = "dados", "dados\dados.csproj", "{9E01B250-3C67-47ED-A95B-2352F396AB13}"
EndProject
Project("{FAE04EC0-301F-11D3-BF4B-00C04F79EFBC}") = "Regras", "Regras\Regras.csproj", "{CA992259-AC50-470A-9277-9A3BCACDC20B}"
EndProject
Project("{FAE04EC0-301F-11D3-BF4B-00C04F79EFBC}") = "trataProblemas", "trataProblemas\trataProblemas.csproj", "{1A93A940-D5D3-458D-B400-2D474D4DC761}"
EndProject
Project("{FAE04EC0-301F-11D3-BF4B-00C04F79EFBC}") = "FrontEnd", "FrontEnd\FrontEnd.csproj", "{C8755542-2E6F-4BCC-A813-3F49452F1401}"
EndProject
Project("{FAE04EC0-301F-11D3-BF4B-00C04F79EFBC}") = "BO", "BO\BO.csproj", "{34FB08D9-51A2-49A8-B95D-78BB9691B025}"
EndProject
Project("{FAE04EC0-301F-11D3-BF4B-00C04F79EFBC}") = "TestesReserva", "TestesReserva\TestesReserva.csproj", "{0D0F3957-9ACF-4E22-8CCF-38B7F4537142}"
EndProject
Global
	GlobalSection(SolutionConfigurationPlatforms) = preSolution
		Debug|Any CPU = Debug|Any CPU
		Release|Any CPU = Release|Any CPU
	EndGlobalSection
	GlobalSection(ProjectConfigurationPlatforms) = postSolution
		{9E01B250-3C67-47ED-A95B-2352F396AB13}.Debug|Any CPU.ActiveCfg = Debug|Any CPU
		{9E01B250-3C67-47ED-A95B-2352F396AB13}.Debug|Any CPU.Build.0 = Debug|Any CPU
		{9E01B250-3C67-47ED-A95B-2352F396AB13}.Release|Any CPU.ActiveCfg = Release|Any CPU
		{9E01B250-3C67-47ED-A95B-2352F396AB13}.Release|Any CPU.Build.0 = Release|Any CPU
		{CA992259-AC50-470A-9277-9A3BCACDC20B}.Debug|Any CPU.ActiveCfg = Debug|Any CPU
		{CA992259-AC50-470A-9277-9A3BCACDC20B}.Debug|Any CPU.Build.0 = Debug|Any CPU
		{CA992259-AC50-470A-9277-9A3BCACDC20B}.Release|Any CPU.ActiveCfg = Release|Any CPU
		{CA992259-AC50-470A-9277-9A3BCACDC20B}.Release|Any CPU.Build.0 = Release|Any CPU
		{1A93A940-D5D3-458D-B400-2D474D4DC761}.Debug|Any CPU.ActiveCfg = Debug|Any CPU
		{1A93A940-D5D3-458D-B400-2D474D4DC761}.Debug|Any CPU.Build.0 = Debug|Any CPU
		{1A93A940-D5D3-458D-B400-2D474D4DC761}.Release|Any CPU.ActiveCfg = Release|Any CPU
		{1A93A940-D5D3-458D-B400-2D474D4DC761}.Release|Any CPU.Build.0 = Release|Any CPU
		{C8755542-2E6F-4BCC-A813-3F49452F1401}.Debug|Any CPU.ActiveCfg = Debug|Any CPU
		{C8755542-2E6F-4BCC-A813-3F49452F1401}.Debug|Any CPU.Build.0 = Debug|Any CPU
		{C8755542-2E6F-4BCC-A813-3F49452F1401}.Release|Any CPU.ActiveCfg = Release|Any CPU
		{C8755542-2E6F-4BCC-A813-3F49452F1401}.Release|Any CPU.Build.0 = Release|Any CPU
		{34FB08D9-51A2-49A8-B95D-78BB9691B025}.Debug|Any CPU.ActiveCfg = Debug|Any CPU
		{34FB08D9-51A2-49A8-B95D-78BB9691B025}.Debug|Any CPU.Build.0 = Debug|Any CPU
		{34FB08D9-51A2-49A8-B95D-78BB9691B025}.Release|Any CPU.ActiveCfg = Release|Any CPU
		{34FB08D9-51A2-49A8-B95D-78BB9691B025}.Release|Any CPU.Build.0 = Release|Any CPU
		{0D0F3957-9ACF-4E22-8CCF-38B7F4537142}.Debug|Any CPU.ActiveCfg = Debug|Any CPU
		{0D0F3957-9ACF-4E22-8CCF-38B7F4537142}.Debug|Any CPU.Build.0 = Debug|Any CPU
		{0D0F3957-9ACF-4E22-8CCF-38B7F4537142}.Release|Any CPU.ActiveCfg = Release|Any CPU
		{0D0F3957-9ACF-4E22-8CCF-38B7F4537142}.Release|Any CPU.Build.0 = Release|Any CPU
	EndGlobalSection
	GlobalSection(SolutionProperties) = preSolution
		HideSolutionNode = FALSE
	EndGlobalSection
EndGlobal
